
Microsoft Visual Studio Solution File, Format Version 12.00
# Visual Studio Version 17
VisualStudioVersion = 17.9.34728.123
MinimumVisualStudioVersion = 10.0.40219.1
Project("{FAE04EC0-301F-11D3-BF4B-00C04F79EFBC}") = "week 2.", "..\week 2\week 2\week 2..csproj", "{3D629AB4-CD74-4836-93E7-AFB90D13D213}"
EndProject
Global
	GlobalSection(SolutionConfigurationPlatforms) = preSolution
		Debug|Any CPU = Debug|Any CPU
		Release|Any CPU = Release|Any CPU
	EndGlobalSection
	GlobalSection(ProjectConfigurationPlatforms) = postSolution
		{3D629AB4-CD74-4836-93E7-AFB90D13D213}.Debug|Any CPU.ActiveCfg = Debug|Any CPU
		{3D629AB4-CD74-4836-93E7-AFB90D13D213}.Debug|Any CPU.Build.0 = Debug|Any CPU
		{3D629AB4-CD74-4836-93E7-AFB90D13D213}.Release|Any CPU.ActiveCfg = Release|Any CPU
		{3D629AB4-CD74-4836-93E7-AFB90D13D213}.Release|Any CPU.Build.0 = Release|Any CPU
	EndGlobalSection
	GlobalSection(SolutionProperties) = preSolution
		HideSolutionNode = FALSE
	EndGlobalSection
	GlobalSection(ExtensibilityGlobals) = postSolution
		SolutionGuid = {DBD19330-0B57-413E-BBF5-50C842C6BB47}
	EndGlobalSection
EndGlobal
